
Microsoft Visual Studio Solution File, Format Version 12.00
# Visual Studio 2013
VisualStudioVersion = 12.0.30723.0
MinimumVisualStudioVersion = 10.0.40219.1
Project("{FAE04EC0-301F-11D3-BF4B-00C04F79EFBC}") = "LokaleBookingMail", "LokaleBookingMail\LokaleBookingMail.csproj", "{A8536625-338F-4E29-AEA3-2372A9A10021}"
EndProject
Project("{FAE04EC0-301F-11D3-BF4B-00C04F79EFBC}") = "Model", "..\..\..\..\GitHub\LokaleBooking\LokaleBookingSystem\Model\Model.csproj", "{179D9395-4B36-4C47-B208-81D34B0DD830}"
EndProject
Global
	GlobalSection(SolutionConfigurationPlatforms) = preSolution
		Debug|Any CPU = Debug|Any CPU
		Release|Any CPU = Release|Any CPU
	EndGlobalSection
	GlobalSection(ProjectConfigurationPlatforms) = postSolution
		{A8536625-338F-4E29-AEA3-2372A9A10021}.Debug|Any CPU.ActiveCfg = Debug|Any CPU
		{A8536625-338F-4E29-AEA3-2372A9A10021}.Debug|Any CPU.Build.0 = Debug|Any CPU
		{A8536625-338F-4E29-AEA3-2372A9A10021}.Release|Any CPU.ActiveCfg = Release|Any CPU
		{A8536625-338F-4E29-AEA3-2372A9A10021}.Release|Any CPU.Build.0 = Release|Any CPU
		{179D9395-4B36-4C47-B208-81D34B0DD830}.Debug|Any CPU.ActiveCfg = Debug|Any CPU
		{179D9395-4B36-4C47-B208-81D34B0DD830}.Debug|Any CPU.Build.0 = Debug|Any CPU
		{179D9395-4B36-4C47-B208-81D34B0DD830}.Release|Any CPU.ActiveCfg = Release|Any CPU
		{179D9395-4B36-4C47-B208-81D34B0DD830}.Release|Any CPU.Build.0 = Release|Any CPU
	EndGlobalSection
	GlobalSection(SolutionProperties) = preSolution
		HideSolutionNode = FALSE
	EndGlobalSection
EndGlobal
